
Microsoft Visual Studio Solution File, Format Version 11.00
# Visual Studio 2010
Project("{FAE04EC0-301F-11D3-BF4B-00C04F79EFBC}") = "FirstSilverlightApplication", "FirstSilverlightApplication\FirstSilverlightApplication.csproj", "{B4F660F5-A90C-4323-93F3-0D079249B6B6}"
EndProject
Project("{FAE04EC0-301F-11D3-BF4B-00C04F79EFBC}") = "FirstSilverlightApplication.Web", "FirstSilverlightApplication.Web\FirstSilverlightApplication.Web.csproj", "{05663671-F609-407F-91AC-C169A044EFF4}"
EndProject
Global
	GlobalSection(SolutionConfigurationPlatforms) = preSolution
		Debug|Any CPU = Debug|Any CPU
		Release|Any CPU = Release|Any CPU
	EndGlobalSection
	GlobalSection(ProjectConfigurationPlatforms) = postSolution
		{B4F660F5-A90C-4323-93F3-0D079249B6B6}.Debug|Any CPU.ActiveCfg = Debug|Any CPU
		{B4F660F5-A90C-4323-93F3-0D079249B6B6}.Debug|Any CPU.Build.0 = Debug|Any CPU
		{B4F660F5-A90C-4323-93F3-0D079249B6B6}.Release|Any CPU.ActiveCfg = Release|Any CPU
		{B4F660F5-A90C-4323-93F3-0D079249B6B6}.Release|Any CPU.Build.0 = Release|Any CPU
		{05663671-F609-407F-91AC-C169A044EFF4}.Debug|Any CPU.ActiveCfg = Debug|Any CPU
		{05663671-F609-407F-91AC-C169A044EFF4}.Debug|Any CPU.Build.0 = Debug|Any CPU
		{05663671-F609-407F-91AC-C169A044EFF4}.Release|Any CPU.ActiveCfg = Release|Any CPU
		{05663671-F609-407F-91AC-C169A044EFF4}.Release|Any CPU.Build.0 = Release|Any CPU
	EndGlobalSection
	GlobalSection(SolutionProperties) = preSolution
		HideSolutionNode = FALSE
	EndGlobalSection
EndGlobal
